{
  "name": "nse-data-chart",
  "version": "1.0.0",
  "lockfileVersion": 1,
  "requires": true,
  "dependencies": {
    "@prisma/cli": {
      "version": "2.16.1",
      "resolved": "https://registry.npmjs.org/@prisma/cli/-/cli-2.16.1.tgz",
      "integrity": "sha512-nVw8gs+o6bZ1CbaYzKmPcy2I4MJcP7FW7/4PkLgvy9v3/EWd9CKfSUX9b6cMq3uK9Jxa5kTejwNQkLHnihzxrg==",
      "dev": true,
      "requires": {
        "@prisma/engines": "2.16.1-1.8b74ad57aaf2cc6c155f382a18a8e3ba95aceb03"
      }
    },
    "@prisma/client": {
      "version": "2.16.1",
      "resolved": "https://registry.npmjs.org/@prisma/client/-/client-2.16.1.tgz",
      "integrity": "sha512-g4zXwC9PRtlrad/CBu+lXHRhvkEz4QW9tDn7bJGwCVNeLi+gLzSbEHjo3xLZgI3+Jp+40flOzrJrYP0bkNCpdQ==",
      "requires": {
        "@prisma/engines-version": "2.16.1-1.8b74ad57aaf2cc6c155f382a18a8e3ba95aceb03"
      }
    },
    "@prisma/engines": {
      "version": "2.16.1-1.8b74ad57aaf2cc6c155f382a18a8e3ba95aceb03",
      "resolved": "https://registry.npmjs.org/@prisma/engines/-/engines-2.16.1-1.8b74ad57aaf2cc6c155f382a18a8e3ba95aceb03.tgz",
      "integrity": "sha512-GZ1huP5KC6TPf9u8pYGFklUkGVTKFel6k4wL4iMr8AQ6MeSV4GDJX3lEtEJLb0ayj6je/hDEyQG9iMp/BysFYg==",
      "dev": true
    },
    "@prisma/engines-version": {
      "version": "2.16.1-1.8b74ad57aaf2cc6c155f382a18a8e3ba95aceb03",
      "resolved": "https://registry.npmjs.org/@prisma/engines-version/-/engines-version-2.16.1-1.8b74ad57aaf2cc6c155f382a18a8e3ba95aceb03.tgz",
      "integrity": "sha512-BkqxSWOc9aNYXjtmRtaLy2fKIeJ3+NKimRL1gKWXMjtxhKS5E3wvyxwZamtfIpEaZELGAO3x5+gqwoR9kS2oZA=="
    },
    "prisma": {
      "version": "2.16.1",
      "resolved": "https://registry.npmjs.org/prisma/-/prisma-2.16.1.tgz",
      "integrity": "sha512-TniTihl4xwWY7Hy+1UUpZ6jxHyriRDUW4i7TChZNBZM88IG8kvR5cSX+/JY/lzWGMUR4ZDBzoIuNcdPx/7eWag==",
      "dev": true,
      "requires": {
        "@prisma/engines": "2.16.1-1.8b74ad57aaf2cc6c155f382a18a8e3ba95aceb03"
      }
    }
  }
}
