{
  "name": "nse-data-chart",
  "version": "1.0.0",
  "lockfileVersion": 1,
  "requires": true,
  "dependencies": {
    "@prisma/cli": {
      "version": "2.16.1",
      "resolved": "https://registry.npmjs.org/@prisma/cli/-/cli-2.16.1.tgz",
      "integrity": "sha512-nVw8gs+o6bZ1CbaYzKmPcy2I4MJcP7FW7/4PkLgvy9v3/EWd9CKfSUX9b6cMq3uK9Jxa5kTejwNQkLHnihzxrg==",
      "dev": true,
      "requires": {
        "@prisma/engines": "2.16.1-1.8b74ad57aaf2cc6c155f382a18a8e3ba95aceb03"
      }
    },
    "@prisma/client": {
      "version": "2.16.1",
      "resolved": "https://registry.npmjs.org/@prisma/client/-/client-2.16.1.tgz",
      "integrity": "sha512-g4zXwC9PRtlrad/CBu+lXHRhvkEz4QW9tDn7bJGwCVNeLi+gLzSbEHjo3xLZgI3+Jp+40flOzrJrYP0bkNCpdQ==",
      "requires": {
        "@prisma/engines-version": "2.16.1-1.8b74ad57aaf2cc6c155f382a18a8e3ba95aceb03"
      }
    },
    "@prisma/engines": {
      "version": "2.16.1-1.8b74ad57aaf2cc6c155f382a18a8e3ba95aceb03",
      "resolved": "https://registry.npmjs.org/@prisma/engines/-/engines-2.16.1-1.8b74ad57aaf2cc6c155f382a18a8e3ba95aceb03.tgz",
      "integrity": "sha512-GZ1huP5KC6TPf9u8pYGFklUkGVTKFel6k4wL4iMr8AQ6MeSV4GDJX3lEtEJLb0ayj6je/hDEyQG9iMp/BysFYg==",
      "dev": true
    },
    "@prisma/engines-version": {
      "version": "2.16.1-1.8b74ad57aaf2cc6c155f382a18a8e3ba95aceb03",
      "resolved": "https://registry.npmjs.org/@prisma/engines-version/-/engines-version-2.16.1-1.8b74ad57aaf2cc6c155f382a18a8e3ba95aceb03.tgz",
      "integrity": "sha512-BkqxSWOc9aNYXjtmRtaLy2fKIeJ3+NKimRL1gKWXMjtxhKS5E3wvyxwZamtfIpEaZELGAO3x5+gqwoR9kS2oZA=="
    },
    "bluebird": {
      "version": "3.7.2",
      "resolved": "https://registry.npmjs.org/bluebird/-/bluebird-3.7.2.tgz",
      "integrity": "sha512-XpNj6GDQzdfW+r2Wnn7xiSAd7TM3jzkxGXBGTtWKuSXv1xUV+azxAm8jdWZN06QTQk+2N2XB9jRDkvbmQmcRtg==",
      "dev": true
    },
    "csvtojson": {
      "version": "2.0.10",
      "resolved": "https://registry.npmjs.org/csvtojson/-/csvtojson-2.0.10.tgz",
      "integrity": "sha512-lUWFxGKyhraKCW8Qghz6Z0f2l/PqB1W3AO0HKJzGIQ5JRSlR651ekJDiGJbBT4sRNNv5ddnSGVEnsxP9XRCVpQ==",
      "dev": true,
      "requires": {
        "bluebird": "^3.5.1",
        "lodash": "^4.17.3",
        "strip-bom": "^2.0.0"
      }
    },
    "is-utf8": {
      "version": "0.2.1",
      "resolved": "https://registry.npmjs.org/is-utf8/-/is-utf8-0.2.1.tgz",
      "integrity": "sha1-Sw2hRCEE0bM2NA6AeX6GXPOffXI=",
      "dev": true
    },
    "lodash": {
      "version": "4.17.20",
      "resolved": "https://registry.npmjs.org/lodash/-/lodash-4.17.20.tgz",
      "integrity": "sha512-PlhdFcillOINfeV7Ni6oF1TAEayyZBoZ8bcshTHqOYJYlrqzRK5hagpagky5o4HfCzzd1TRkXPMFq6cKk9rGmA==",
      "dev": true
    },
    "prisma": {
      "version": "2.16.1",
      "resolved": "https://registry.npmjs.org/prisma/-/prisma-2.16.1.tgz",
      "integrity": "sha512-TniTihl4xwWY7Hy+1UUpZ6jxHyriRDUW4i7TChZNBZM88IG8kvR5cSX+/JY/lzWGMUR4ZDBzoIuNcdPx/7eWag==",
      "dev": true,
      "requires": {
        "@prisma/engines": "2.16.1-1.8b74ad57aaf2cc6c155f382a18a8e3ba95aceb03"
      }
    },
    "strip-bom": {
      "version": "2.0.0",
      "resolved": "https://registry.npmjs.org/strip-bom/-/strip-bom-2.0.0.tgz",
      "integrity": "sha1-YhmoVhZSBJHzV4i9vxRHqZx+aw4=",
      "dev": true,
      "requires": {
        "is-utf8": "^0.2.0"
      }
    }
  }
}
